{
  "lockfile_version": "1",
  "packages": {
    "lefthook@latest": {
      "last_modified": "2025-05-16T20:19:48Z",
      "resolved": "github:NixOS/nixpkgs/12a55407652e04dcf2309436eb06fef0d3713ef3#lefthook",
      "source": "devbox-search",
      "version": "1.11.12",
      "systems": {
        "aarch64-darwin": {
          "outputs": [
            {
              "name": "out",
              "path": "/nix/store/kilfcgmnvx98lzr85mbbxrfa9px5879m-lefthook-1.11.12",
              "default": true
            }
          ],
          "store_path": "/nix/store/kilfcgmnvx98lzr85mbbxrfa9px5879m-lefthook-1.11.12"
        },
        "aarch64-linux": {
          "outputs": [
            {
              "name": "out",
              "path": "/nix/store/pvxs97fc0ba492bciazlqnh5ak0lcgiq-lefthook-1.11.12",
              "default": true
            }
          ],
          "store_path": "/nix/store/pvxs97fc0ba492bciazlqnh5ak0lcgiq-lefthook-1.11.12"
        },
        "x86_64-darwin": {
          "outputs": [
            {
              "name": "out",
              "path": "/nix/store/9lrdwi4flvhkvyk6ipb2b8hikyhrr1gq-lefthook-1.11.12",
              "default": true
            }
          ],
          "store_path": "/nix/store/9lrdwi4flvhkvyk6ipb2b8hikyhrr1gq-lefthook-1.11.12"
        },
        "x86_64-linux": {
          "outputs": [
            {
              "name": "out",
              "path": "/nix/store/mpdpmidc3fpv6xnwkblwmnykgb8483sm-lefthook-1.11.12",
              "default": true
            }
          ],
          "store_path": "/nix/store/mpdpmidc3fpv6xnwkblwmnykgb8483sm-lefthook-1.11.12"
        }
      }
    },
    "ruby@3.0": {
      "last_modified": "2023-11-17T14:14:56Z",
      "plugin_version": "0.0.2",
      "resolved": "github:NixOS/nixpkgs/a71323f68d4377d12c04a5410e214495ec598d4c#ruby_3_0",
      "source": "devbox-search",
      "version": "3.0.6",
      "systems": {
        "aarch64-darwin": {
          "outputs": [
            {
              "name": "out",
              "path": "/nix/store/pa96sc1vv69k7rwn2nsrlh9dappq8838-ruby-3.0.6",
              "default": true
            },
            {
              "name": "devdoc",
              "path": "/nix/store/70716j1lq697hbji1h68fgzxa1hvik9y-ruby-3.0.6-devdoc"
            }
          ],
          "store_path": "/nix/store/pa96sc1vv69k7rwn2nsrlh9dappq8838-ruby-3.0.6"
        },
        "aarch64-linux": {
          "outputs": [
            {
              "name": "out",
              "path": "/nix/store/87apbcglg24xm8z62h3izxkhi8ndaks9-ruby-3.0.6",
              "default": true
            },
            {
              "name": "devdoc",
              "path": "/nix/store/snkg2zr346jpf263ix5wrwlx7dqwhxf9-ruby-3.0.6-devdoc"
            }
          ],
          "store_path": "/nix/store/87apbcglg24xm8z62h3izxkhi8ndaks9-ruby-3.0.6"
        },
        "x86_64-darwin": {
          "outputs": [
            {
              "name": "out",
              "path": "/nix/store/zhb16baxghaaapyc6bp8x0sqqpr0bsn4-ruby-3.0.6",
              "default": true
            },
            {
              "name": "devdoc",
              "path": "/nix/store/k71ridrl2v0hfx0n0m85nwvg2l6nhbbk-ruby-3.0.6-devdoc"
            }
          ],
          "store_path": "/nix/store/zhb16baxghaaapyc6bp8x0sqqpr0bsn4-ruby-3.0.6"
        },
        "x86_64-linux": {
          "outputs": [
            {
              "name": "out",
              "path": "/nix/store/2wncs3b3ysh8gi8zbkdyn0dpjv0bd2k4-ruby-3.0.6",
              "default": true
            },
            {
              "name": "devdoc",
              "path": "/nix/store/s0pgpf3lmz99647h3rwaa0zj0vmhjh4q-ruby-3.0.6-devdoc"
            }
          ],
          "store_path": "/nix/store/2wncs3b3ysh8gi8zbkdyn0dpjv0bd2k4-ruby-3.0.6"
        }
      }
    }
  }
}
